
Microsoft Visual Studio Solution File, Format Version 12.00
# Visual Studio Version 16
VisualStudioVersion = 16.0.31105.61
MinimumVisualStudioVersion = 10.0.40219.1
Project("{FAE04EC0-301F-11D3-BF4B-00C04F79EFBC}") = "WebAdvert.Web", "WebAdvert.Web.csproj", "{E8DD89A1-BC73-497F-BFA7-CC547E2C127C}"
EndProject
Global
	GlobalSection(SolutionConfigurationPlatforms) = preSolution
		Debug|Any CPU = Debug|Any CPU
		Release|Any CPU = Release|Any CPU
	EndGlobalSection
	GlobalSection(ProjectConfigurationPlatforms) = postSolution
		{E8DD89A1-BC73-497F-BFA7-CC547E2C127C}.Debug|Any CPU.ActiveCfg = Debug|Any CPU
		{E8DD89A1-BC73-497F-BFA7-CC547E2C127C}.Debug|Any CPU.Build.0 = Debug|Any CPU
		{E8DD89A1-BC73-497F-BFA7-CC547E2C127C}.Release|Any CPU.ActiveCfg = Release|Any CPU
		{E8DD89A1-BC73-497F-BFA7-CC547E2C127C}.Release|Any CPU.Build.0 = Release|Any CPU
	EndGlobalSection
	GlobalSection(SolutionProperties) = preSolution
		HideSolutionNode = FALSE
	EndGlobalSection
	GlobalSection(ExtensibilityGlobals) = postSolution
		SolutionGuid = {CEFACBC3-FA8F-48F4-9941-4BA9C8A24932}
	EndGlobalSection
EndGlobal
